// !$*UTF8*$!
{
	archiveVersion = 1;
	classes = {
	};
	objectVersion = 51;
	objects = {

/* Begin PBXBuildFile section */
		A818D5F5259D9F3F005F84BE /* SearchedLocationViewModel.swift in Sources */ = {isa = PBXBuildFile; fileRef = A818D5F4259D9F3F005F84BE /* SearchedLocationViewModel.swift */; };
		A818D5F8259DA974005F84BE /* SearchedCell.swift in Sources */ = {isa = PBXBuildFile; fileRef = A818D5F7259DA974005F84BE /* SearchedCell.swift */; };
		A81AADC62598D470000BECD7 /* AppDelegate.swift in Sources */ = {isa = PBXBuildFile; fileRef = A81AADC52598D470000BECD7 /* AppDelegate.swift */; };
		A81AADC82598D470000BECD7 /* SceneDelegate.swift in Sources */ = {isa = PBXBuildFile; fileRef = A81AADC72598D470000BECD7 /* SceneDelegate.swift */; };
		A81AADCA2598D470000BECD7 /* ViewController.swift in Sources */ = {isa = PBXBuildFile; fileRef = A81AADC92598D470000BECD7 /* ViewController.swift */; };
		A81AADCD2598D470000BECD7 /* Main.storyboard in Resources */ = {isa = PBXBuildFile; fileRef = A81AADCB2598D470000BECD7 /* Main.storyboard */; };
		A81AADD02598D470000BECD7 /* SoongMap_1.xcdatamodeld in Sources */ = {isa = PBXBuildFile; fileRef = A81AADCE2598D470000BECD7 /* SoongMap_1.xcdatamodeld */; };
		A81AADD22598D472000BECD7 /* Assets.xcassets in Resources */ = {isa = PBXBuildFile; fileRef = A81AADD12598D472000BECD7 /* Assets.xcassets */; };
		A81AADD52598D472000BECD7 /* LaunchScreen.storyboard in Resources */ = {isa = PBXBuildFile; fileRef = A81AADD32598D472000BECD7 /* LaunchScreen.storyboard */; };
		A850DC67259A0FD700003EDA /* SearchLocationViewController.swift in Sources */ = {isa = PBXBuildFile; fileRef = A850DC66259A0FD700003EDA /* SearchLocationViewController.swift */; };
		A850DC70259AF21C00003EDA /* SearchKeyWordRequest.swift in Sources */ = {isa = PBXBuildFile; fileRef = A850DC6F259AF21C00003EDA /* SearchKeyWordRequest.swift */; };
		A850DC74259AF24000003EDA /* SearchCategoryRequest.swift in Sources */ = {isa = PBXBuildFile; fileRef = A850DC73259AF24000003EDA /* SearchCategoryRequest.swift */; };
		A86818272598F72200F57957 /* SelectedLocationViewModel.swift in Sources */ = {isa = PBXBuildFile; fileRef = A86818262598F72200F57957 /* SelectedLocationViewModel.swift */; };
		A868182A2598F98B00F57957 /* Location.swift in Sources */ = {isa = PBXBuildFile; fileRef = A86818292598F98B00F57957 /* Location.swift */; };
		A8B731EF259C8BA6004D08D5 /* SearchKeyWordInteratorImpl.swift in Sources */ = {isa = PBXBuildFile; fileRef = A8B731EE259C8BA6004D08D5 /* SearchKeyWordInteratorImpl.swift */; };
		A8B731F7259CAB0A004D08D5 /* ResponseModel.swift in Sources */ = {isa = PBXBuildFile; fileRef = A8B731F6259CAB0A004D08D5 /* ResponseModel.swift */; };
		C6C65EC1AED32ED54039E3E1 /* Pods_SoongMap_1.framework in Frameworks */ = {isa = PBXBuildFile; fileRef = 4C6090D8F36C23BD62A34C27 /* Pods_SoongMap_1.framework */; };
/* End PBXBuildFile section */

/* Begin PBXFileReference section */
		4C6090D8F36C23BD62A34C27 /* Pods_SoongMap_1.framework */ = {isa = PBXFileReference; explicitFileType = wrapper.framework; includeInIndex = 0; path = Pods_SoongMap_1.framework; sourceTree = BUILT_PRODUCTS_DIR; };
		5BE8EC2B0E86BFFCAA380625 /* Pods-SoongMap_1.debug.xcconfig */ = {isa = PBXFileReference; includeInIndex = 1; lastKnownFileType = text.xcconfig; name = "Pods-SoongMap_1.debug.xcconfig"; path = "Target Support Files/Pods-SoongMap_1/Pods-SoongMap_1.debug.xcconfig"; sourceTree = "<group>"; };
		A818D5F4259D9F3F005F84BE /* SearchedLocationViewModel.swift */ = {isa = PBXFileReference; lastKnownFileType = sourcecode.swift; path = SearchedLocationViewModel.swift; sourceTree = "<group>"; };
		A818D5F7259DA974005F84BE /* SearchedCell.swift */ = {isa = PBXFileReference; lastKnownFileType = sourcecode.swift; path = SearchedCell.swift; sourceTree = "<group>"; };
		A81AADC22598D470000BECD7 /* SoongMap_1.app */ = {isa = PBXFileReference; explicitFileType = wrapper.application; includeInIndex = 0; path = SoongMap_1.app; sourceTree = BUILT_PRODUCTS_DIR; };
		A81AADC52598D470000BECD7 /* AppDelegate.swift */ = {isa = PBXFileReference; lastKnownFileType = sourcecode.swift; path = AppDelegate.swift; sourceTree = "<group>"; };
		A81AADC72598D470000BECD7 /* SceneDelegate.swift */ = {isa = PBXFileReference; lastKnownFileType = sourcecode.swift; path = SceneDelegate.swift; sourceTree = "<group>"; };
		A81AADC92598D470000BECD7 /* ViewController.swift */ = {isa = PBXFileReference; lastKnownFileType = sourcecode.swift; path = ViewController.swift; sourceTree = "<group>"; };
		A81AADCC2598D470000BECD7 /* Base */ = {isa = PBXFileReference; lastKnownFileType = file.storyboard; name = Base; path = Base.lproj/Main.storyboard; sourceTree = "<group>"; };
		A81AADCF2598D470000BECD7 /* SoongMap_1.xcdatamodel */ = {isa = PBXFileReference; lastKnownFileType = wrapper.xcdatamodel; path = SoongMap_1.xcdatamodel; sourceTree = "<group>"; };
		A81AADD12598D472000BECD7 /* Assets.xcassets */ = {isa = PBXFileReference; lastKnownFileType = folder.assetcatalog; path = Assets.xcassets; sourceTree = "<group>"; };
		A81AADD42598D472000BECD7 /* Base */ = {isa = PBXFileReference; lastKnownFileType = file.storyboard; name = Base; path = Base.lproj/LaunchScreen.storyboard; sourceTree = "<group>"; };
		A81AADD62598D472000BECD7 /* Info.plist */ = {isa = PBXFileReference; lastKnownFileType = text.plist.xml; path = Info.plist; sourceTree = "<group>"; };
		A850DC66259A0FD700003EDA /* SearchLocationViewController.swift */ = {isa = PBXFileReference; lastKnownFileType = sourcecode.swift; path = SearchLocationViewController.swift; sourceTree = "<group>"; };
		A850DC6F259AF21C00003EDA /* SearchKeyWordRequest.swift */ = {isa = PBXFileReference; lastKnownFileType = sourcecode.swift; path = SearchKeyWordRequest.swift; sourceTree = "<group>"; };
		A850DC73259AF24000003EDA /* SearchCategoryRequest.swift */ = {isa = PBXFileReference; lastKnownFileType = sourcecode.swift; path = SearchCategoryRequest.swift; sourceTree = "<group>"; };
		A86818262598F72200F57957 /* SelectedLocationViewModel.swift */ = {isa = PBXFileReference; lastKnownFileType = sourcecode.swift; path = SelectedLocationViewModel.swift; sourceTree = "<group>"; };
		A86818292598F98B00F57957 /* Location.swift */ = {isa = PBXFileReference; lastKnownFileType = sourcecode.swift; path = Location.swift; sourceTree = "<group>"; };
		A8B731EE259C8BA6004D08D5 /* SearchKeyWordInteratorImpl.swift */ = {isa = PBXFileReference; lastKnownFileType = sourcecode.swift; path = SearchKeyWordInteratorImpl.swift; sourceTree = "<group>"; };
		A8B731F6259CAB0A004D08D5 /* ResponseModel.swift */ = {isa = PBXFileReference; lastKnownFileType = sourcecode.swift; path = ResponseModel.swift; sourceTree = "<group>"; };
		AC82C109F7BFFB3884618CF0 /* Pods-SoongMap_1.release.xcconfig */ = {isa = PBXFileReference; includeInIndex = 1; lastKnownFileType = text.xcconfig; name = "Pods-SoongMap_1.release.xcconfig"; path = "Target Support Files/Pods-SoongMap_1/Pods-SoongMap_1.release.xcconfig"; sourceTree = "<group>"; };
/* End PBXFileReference section */

/* Begin PBXFrameworksBuildPhase section */
		A81AADBF2598D470000BECD7 /* Frameworks */ = {
			isa = PBXFrameworksBuildPhase;
			buildActionMask = 2147483647;
			files = (
				C6C65EC1AED32ED54039E3E1 /* Pods_SoongMap_1.framework in Frameworks */,
			);
			runOnlyForDeploymentPostprocessing = 0;
		};
/* End PBXFrameworksBuildPhase section */

/* Begin PBXGroup section */
		2C2DF7EFB112DBA4B406E598 /* Pods */ = {
			isa = PBXGroup;
			children = (
				5BE8EC2B0E86BFFCAA380625 /* Pods-SoongMap_1.debug.xcconfig */,
				AC82C109F7BFFB3884618CF0 /* Pods-SoongMap_1.release.xcconfig */,
			);
			path = Pods;
			sourceTree = "<group>";
		};
		A81AADB92598D470000BECD7 = {
			isa = PBXGroup;
			children = (
				A81AADC42598D470000BECD7 /* SoongMap_1 */,
				A81AADC32598D470000BECD7 /* Products */,
				2C2DF7EFB112DBA4B406E598 /* Pods */,
				E5EAF503B6DB32AAD8CA33BD /* Frameworks */,
			);
			sourceTree = "<group>";
		};
		A81AADC32598D470000BECD7 /* Products */ = {
			isa = PBXGroup;
			children = (
				A81AADC22598D470000BECD7 /* SoongMap_1.app */,
			);
			name = Products;
			sourceTree = "<group>";
		};
		A81AADC42598D470000BECD7 /* SoongMap_1 */ = {
			isa = PBXGroup;
			children = (
				A8B731FF259CBD84004D08D5 /* Model */,
				A850DC6A259A12AE00003EDA /* SearchScene */,
				A850DC69259A129400003EDA /* MapScene */,
				A81AADC52598D470000BECD7 /* AppDelegate.swift */,
				A81AADC72598D470000BECD7 /* SceneDelegate.swift */,
				A81AADCB2598D470000BECD7 /* Main.storyboard */,
				A81AADD12598D472000BECD7 /* Assets.xcassets */,
				A81AADD32598D472000BECD7 /* LaunchScreen.storyboard */,
				A81AADD62598D472000BECD7 /* Info.plist */,
				A81AADCE2598D470000BECD7 /* SoongMap_1.xcdatamodeld */,
			);
			path = SoongMap_1;
			sourceTree = "<group>";
		};
		A850DC69259A129400003EDA /* MapScene */ = {
			isa = PBXGroup;
			children = (
				A868182C2598F9E100F57957 /* ViewModel */,
				A868182F2598FA0E00F57957 /* View */,
			);
			path = MapScene;
			sourceTree = "<group>";
		};
		A850DC6A259A12AE00003EDA /* SearchScene */ = {
			isa = PBXGroup;
			children = (
				A8C8C388259CE6ED00AC44EB /* ViewModel */,
				A850DC6C259A12E200003EDA /* View */,
				A8B731EE259C8BA6004D08D5 /* SearchKeyWordInteratorImpl.swift */,
			);
			path = SearchScene;
			sourceTree = "<group>";
		};
		A850DC6C259A12E200003EDA /* View */ = {
			isa = PBXGroup;
			children = (
				A850DC66259A0FD700003EDA /* SearchLocationViewController.swift */,
				A818D5F7259DA974005F84BE /* SearchedCell.swift */,
			);
			path = View;
			sourceTree = "<group>";
		};
		A868182C2598F9E100F57957 /* ViewModel */ = {
			isa = PBXGroup;
			children = (
				A86818262598F72200F57957 /* SelectedLocationViewModel.swift */,
			);
			path = ViewModel;
			sourceTree = "<group>";
		};
		A868182F2598FA0E00F57957 /* View */ = {
			isa = PBXGroup;
			children = (
				A81AADC92598D470000BECD7 /* ViewController.swift */,
			);
			path = View;
			sourceTree = "<group>";
		};
		A8B731FF259CBD84004D08D5 /* Model */ = {
			isa = PBXGroup;
			children = (
				A8B73202259CBDCF004D08D5 /* Request */,
				A8B73200259CBDB9004D08D5 /* Response */,
				A86818292598F98B00F57957 /* Location.swift */,
			);
			path = Model;
			sourceTree = "<group>";
		};
		A8B73200259CBDB9004D08D5 /* Response */ = {
			isa = PBXGroup;
			children = (
				A8B731F6259CAB0A004D08D5 /* ResponseModel.swift */,
			);
			path = Response;
			sourceTree = "<group>";
		};
		A8B73202259CBDCF004D08D5 /* Request */ = {
			isa = PBXGroup;
			children = (
				A850DC6F259AF21C00003EDA /* SearchKeyWordRequest.swift */,
				A850DC73259AF24000003EDA /* SearchCategoryRequest.swift */,
			);
			path = Request;
			sourceTree = "<group>";
		};
		A8C8C388259CE6ED00AC44EB /* ViewModel */ = {
			isa = PBXGroup;
			children = (
				A818D5F4259D9F3F005F84BE /* SearchedLocationViewModel.swift */,
			);
			path = ViewModel;
			sourceTree = "<group>";
		};
		E5EAF503B6DB32AAD8CA33BD /* Frameworks */ = {
			isa = PBXGroup;
			children = (
				4C6090D8F36C23BD62A34C27 /* Pods_SoongMap_1.framework */,
			);
			name = Frameworks;
			sourceTree = "<group>";
		};
/* End PBXGroup section */

/* Begin PBXNativeTarget section */
		A81AADC12598D470000BECD7 /* SoongMap_1 */ = {
			isa = PBXNativeTarget;
			buildConfigurationList = A81AADD92598D472000BECD7 /* Build configuration list for PBXNativeTarget "SoongMap_1" */;
			buildPhases = (
				9BF3174A279DF0A5A54633A6 /* [CP] Check Pods Manifest.lock */,
				A81AADBE2598D470000BECD7 /* Sources */,
				A81AADBF2598D470000BECD7 /* Frameworks */,
				A81AADC02598D470000BECD7 /* Resources */,
				78E74EAD9A3B1A4D810B218D /* [CP] Embed Pods Frameworks */,
			);
			buildRules = (
			);
			dependencies = (
			);
			name = SoongMap_1;
			productName = SoongMap_1;
			productReference = A81AADC22598D470000BECD7 /* SoongMap_1.app */;
			productType = "com.apple.product-type.application";
		};
/* End PBXNativeTarget section */

/* Begin PBXProject section */
		A81AADBA2598D470000BECD7 /* Project object */ = {
			isa = PBXProject;
			attributes = {
				LastSwiftUpdateCheck = 1230;
				LastUpgradeCheck = 1230;
				TargetAttributes = {
					A81AADC12598D470000BECD7 = {
						CreatedOnToolsVersion = 12.3;
					};
				};
			};
			buildConfigurationList = A81AADBD2598D470000BECD7 /* Build configuration list for PBXProject "SoongMap_1" */;
			compatibilityVersion = "Xcode 9.3";
			developmentRegion = en;
			hasScannedForEncodings = 0;
			knownRegions = (
				en,
				Base,
			);
			mainGroup = A81AADB92598D470000BECD7;
			productRefGroup = A81AADC32598D470000BECD7 /* Products */;
			projectDirPath = "";
			projectRoot = "";
			targets = (
				A81AADC12598D470000BECD7 /* SoongMap_1 */,
			);
		};
/* End PBXProject section */

/* Begin PBXResourcesBuildPhase section */
		A81AADC02598D470000BECD7 /* Resources */ = {
			isa = PBXResourcesBuildPhase;
			buildActionMask = 2147483647;
			files = (
				A81AADD52598D472000BECD7 /* LaunchScreen.storyboard in Resources */,
				A81AADD22598D472000BECD7 /* Assets.xcassets in Resources */,
				A81AADCD2598D470000BECD7 /* Main.storyboard in Resources */,
			);
			runOnlyForDeploymentPostprocessing = 0;
		};
/* End PBXResourcesBuildPhase section */

/* Begin PBXShellScriptBuildPhase section */
		78E74EAD9A3B1A4D810B218D /* [CP] Embed Pods Frameworks */ = {
			isa = PBXShellScriptBuildPhase;
			buildActionMask = 2147483647;
			files = (
			);
			inputFileListPaths = (
				"${PODS_ROOT}/Target Support Files/Pods-SoongMap_1/Pods-SoongMap_1-frameworks-${CONFIGURATION}-input-files.xcfilelist",
			);
			name = "[CP] Embed Pods Frameworks";
			outputFileListPaths = (
				"${PODS_ROOT}/Target Support Files/Pods-SoongMap_1/Pods-SoongMap_1-frameworks-${CONFIGURATION}-output-files.xcfilelist",
			);
			runOnlyForDeploymentPostprocessing = 0;
			shellPath = /bin/sh;
			shellScript = "\"${PODS_ROOT}/Target Support Files/Pods-SoongMap_1/Pods-SoongMap_1-frameworks.sh\"\n";
			showEnvVarsInLog = 0;
		};
		9BF3174A279DF0A5A54633A6 /* [CP] Check Pods Manifest.lock */ = {
			isa = PBXShellScriptBuildPhase;
			buildActionMask = 2147483647;
			files = (
			);
			inputFileListPaths = (
			);
			inputPaths = (
				"${PODS_PODFILE_DIR_PATH}/Podfile.lock",
				"${PODS_ROOT}/Manifest.lock",
			);
			name = "[CP] Check Pods Manifest.lock";
			outputFileListPaths = (
			);
			outputPaths = (
				"$(DERIVED_FILE_DIR)/Pods-SoongMap_1-checkManifestLockResult.txt",
			);
			runOnlyForDeploymentPostprocessing = 0;
			shellPath = /bin/sh;
			shellScript = "diff \"${PODS_PODFILE_DIR_PATH}/Podfile.lock\" \"${PODS_ROOT}/Manifest.lock\" > /dev/null\nif [ $? != 0 ] ; then\n    # print error to STDERR\n    echo \"error: The sandbox is not in sync with the Podfile.lock. Run 'pod install' or update your CocoaPods installation.\" >&2\n    exit 1\nfi\n# This output is used by Xcode 'outputs' to avoid re-running this script phase.\necho \"SUCCESS\" > \"${SCRIPT_OUTPUT_FILE_0}\"\n";
			showEnvVarsInLog = 0;
		};
/* End PBXShellScriptBuildPhase section */

/* Begin PBXSourcesBuildPhase section */
		A81AADBE2598D470000BECD7 /* Sources */ = {
			isa = PBXSourcesBuildPhase;
			buildActionMask = 2147483647;
			files = (
				A81AADCA2598D470000BECD7 /* ViewController.swift in Sources */,
				A850DC70259AF21C00003EDA /* SearchKeyWordRequest.swift in Sources */,
				A8B731EF259C8BA6004D08D5 /* SearchKeyWordInteratorImpl.swift in Sources */,
				A86818272598F72200F57957 /* SelectedLocationViewModel.swift in Sources */,
				A850DC74259AF24000003EDA /* SearchCategoryRequest.swift in Sources */,
				A81AADC62598D470000BECD7 /* AppDelegate.swift in Sources */,
				A81AADC82598D470000BECD7 /* SceneDelegate.swift in Sources */,
				A818D5F8259DA974005F84BE /* SearchedCell.swift in Sources */,
				A850DC67259A0FD700003EDA /* SearchLocationViewController.swift in Sources */,
				A81AADD02598D470000BECD7 /* SoongMap_1.xcdatamodeld in Sources */,
				A8B731F7259CAB0A004D08D5 /* ResponseModel.swift in Sources */,
				A818D5F5259D9F3F005F84BE /* SearchedLocationViewModel.swift in Sources */,
				A868182A2598F98B00F57957 /* Location.swift in Sources */,
			);
			runOnlyForDeploymentPostprocessing = 0;
		};
/* End PBXSourcesBuildPhase section */

/* Begin PBXVariantGroup section */
		A81AADCB2598D470000BECD7 /* Main.storyboard */ = {
			isa = PBXVariantGroup;
			children = (
				A81AADCC2598D470000BECD7 /* Base */,
			);
			name = Main.storyboard;
			sourceTree = "<group>";
		};
		A81AADD32598D472000BECD7 /* LaunchScreen.storyboard */ = {
			isa = PBXVariantGroup;
			children = (
				A81AADD42598D472000BECD7 /* Base */,
			);
			name = LaunchScreen.storyboard;
			sourceTree = "<group>";
		};
/* End PBXVariantGroup section */

/* Begin XCBuildConfiguration section */
		A81AADD72598D472000BECD7 /* Debug */ = {
			isa = XCBuildConfiguration;
			buildSettings = {
				ALWAYS_SEARCH_USER_PATHS = NO;
				CLANG_ANALYZER_NONNULL = YES;
				CLANG_ANALYZER_NUMBER_OBJECT_CONVERSION = YES_AGGRESSIVE;
				CLANG_CXX_LANGUAGE_STANDARD = "gnu++14";
				CLANG_CXX_LIBRARY = "libc++";
				CLANG_ENABLE_MODULES = YES;
				CLANG_ENABLE_OBJC_ARC = YES;
				CLANG_ENABLE_OBJC_WEAK = YES;
				CLANG_WARN_BLOCK_CAPTURE_AUTORELEASING = YES;
				CLANG_WARN_BOOL_CONVERSION = YES;
				CLANG_WARN_COMMA = YES;
				CLANG_WARN_CONSTANT_CONVERSION = YES;
				CLANG_WARN_DEPRECATED_OBJC_IMPLEMENTATIONS = YES;
				CLANG_WARN_DIRECT_OBJC_ISA_USAGE = YES_ERROR;
				CLANG_WARN_DOCUMENTATION_COMMENTS = YES;
				CLANG_WARN_EMPTY_BODY = YES;
				CLANG_WARN_ENUM_CONVERSION = YES;
				CLANG_WARN_INFINITE_RECURSION = YES;
				CLANG_WARN_INT_CONVERSION = YES;
				CLANG_WARN_NON_LITERAL_NULL_CONVERSION = YES;
				CLANG_WARN_OBJC_IMPLICIT_RETAIN_SELF = YES;
				CLANG_WARN_OBJC_LITERAL_CONVERSION = YES;
				CLANG_WARN_OBJC_ROOT_CLASS = YES_ERROR;
				CLANG_WARN_QUOTED_INCLUDE_IN_FRAMEWORK_HEADER = YES;
				CLANG_WARN_RANGE_LOOP_ANALYSIS = YES;
				CLANG_WARN_STRICT_PROTOTYPES = YES;
				CLANG_WARN_SUSPICIOUS_MOVE = YES;
				CLANG_WARN_UNGUARDED_AVAILABILITY = YES_AGGRESSIVE;
				CLANG_WARN_UNREACHABLE_CODE = YES;
				CLANG_WARN__DUPLICATE_METHOD_MATCH = YES;
				COPY_PHASE_STRIP = NO;
				DEBUG_INFORMATION_FORMAT = dwarf;
				ENABLE_STRICT_OBJC_MSGSEND = YES;
				ENABLE_TESTABILITY = YES;
				GCC_C_LANGUAGE_STANDARD = gnu11;
				GCC_DYNAMIC_NO_PIC = NO;
				GCC_NO_COMMON_BLOCKS = YES;
				GCC_OPTIMIZATION_LEVEL = 0;
				GCC_PREPROCESSOR_DEFINITIONS = (
					"DEBUG=1",
					"$(inherited)",
				);
				GCC_WARN_64_TO_32_BIT_CONVERSION = YES;
				GCC_WARN_ABOUT_RETURN_TYPE = YES_ERROR;
				GCC_WARN_UNDECLARED_SELECTOR = YES;
				GCC_WARN_UNINITIALIZED_AUTOS = YES_AGGRESSIVE;
				GCC_WARN_UNUSED_FUNCTION = YES;
				GCC_WARN_UNUSED_VARIABLE = YES;
				IPHONEOS_DEPLOYMENT_TARGET = 13.1;
				MTL_ENABLE_DEBUG_INFO = INCLUDE_SOURCE;
				MTL_FAST_MATH = YES;
				ONLY_ACTIVE_ARCH = YES;
				SDKROOT = iphoneos;
				SWIFT_ACTIVE_COMPILATION_CONDITIONS = DEBUG;
				SWIFT_OPTIMIZATION_LEVEL = "-Onone";
			};
			name = Debug;
		};
		A81AADD82598D472000BECD7 /* Release */ = {
			isa = XCBuildConfiguration;
			buildSettings = {
				ALWAYS_SEARCH_USER_PATHS = NO;
				CLANG_ANALYZER_NONNULL = YES;
				CLANG_ANALYZER_NUMBER_OBJECT_CONVERSION = YES_AGGRESSIVE;
				CLANG_CXX_LANGUAGE_STANDARD = "gnu++14";
				CLANG_CXX_LIBRARY = "libc++";
				CLANG_ENABLE_MODULES = YES;
				CLANG_ENABLE_OBJC_ARC = YES;
				CLANG_ENABLE_OBJC_WEAK = YES;
				CLANG_WARN_BLOCK_CAPTURE_AUTORELEASING = YES;
				CLANG_WARN_BOOL_CONVERSION = YES;
				CLANG_WARN_COMMA = YES;
				CLANG_WARN_CONSTANT_CONVERSION = YES;
				CLANG_WARN_DEPRECATED_OBJC_IMPLEMENTATIONS = YES;
				CLANG_WARN_DIRECT_OBJC_ISA_USAGE = YES_ERROR;
				CLANG_WARN_DOCUMENTATION_COMMENTS = YES;
				CLANG_WARN_EMPTY_BODY = YES;
				CLANG_WARN_ENUM_CONVERSION = YES;
				CLANG_WARN_INFINITE_RECURSION = YES;
				CLANG_WARN_INT_CONVERSION = YES;
				CLANG_WARN_NON_LITERAL_NULL_CONVERSION = YES;
				CLANG_WARN_OBJC_IMPLICIT_RETAIN_SELF = YES;
				CLANG_WARN_OBJC_LITERAL_CONVERSION = YES;
				CLANG_WARN_OBJC_ROOT_CLASS = YES_ERROR;
				CLANG_WARN_QUOTED_INCLUDE_IN_FRAMEWORK_HEADER = YES;
				CLANG_WARN_RANGE_LOOP_ANALYSIS = YES;
				CLANG_WARN_STRICT_PROTOTYPES = YES;
				CLANG_WARN_SUSPICIOUS_MOVE = YES;
				CLANG_WARN_UNGUARDED_AVAILABILITY = YES_AGGRESSIVE;
				CLANG_WARN_UNREACHABLE_CODE = YES;
				CLANG_WARN__DUPLICATE_METHOD_MATCH = YES;
				COPY_PHASE_STRIP = NO;
				DEBUG_INFORMATION_FORMAT = "dwarf-with-dsym";
				ENABLE_NS_ASSERTIONS = NO;
				ENABLE_STRICT_OBJC_MSGSEND = YES;
				GCC_C_LANGUAGE_STANDARD = gnu11;
				GCC_NO_COMMON_BLOCKS = YES;
				GCC_WARN_64_TO_32_BIT_CONVERSION = YES;
				GCC_WARN_ABOUT_RETURN_TYPE = YES_ERROR;
				GCC_WARN_UNDECLARED_SELECTOR = YES;
				GCC_WARN_UNINITIALIZED_AUTOS = YES_AGGRESSIVE;
				GCC_WARN_UNUSED_FUNCTION = YES;
				GCC_WARN_UNUSED_VARIABLE = YES;
				IPHONEOS_DEPLOYMENT_TARGET = 13.1;
				MTL_ENABLE_DEBUG_INFO = NO;
				MTL_FAST_MATH = YES;
				SDKROOT = iphoneos;
				SWIFT_COMPILATION_MODE = wholemodule;
				SWIFT_OPTIMIZATION_LEVEL = "-O";
				VALIDATE_PRODUCT = YES;
			};
			name = Release;
		};
		A81AADDA2598D472000BECD7 /* Debug */ = {
			isa = XCBuildConfiguration;
			baseConfigurationReference = 5BE8EC2B0E86BFFCAA380625 /* Pods-SoongMap_1.debug.xcconfig */;
			buildSettings = {
				ASSETCATALOG_COMPILER_APPICON_NAME = AppIcon;
				ASSETCATALOG_COMPILER_GLOBAL_ACCENT_COLOR_NAME = AccentColor;
				CODE_SIGN_STYLE = Automatic;
				DEVELOPMENT_TEAM = 7W64WHVKVN;
				INFOPLIST_FILE = SoongMap_1/Info.plist;
				LD_RUNPATH_SEARCH_PATHS = (
					"$(inherited)",
					"@executable_path/Frameworks",
				);
				PRODUCT_BUNDLE_IDENTIFIER = "com.soongin.SoongMap-1";
				PRODUCT_NAME = "$(TARGET_NAME)";
				SWIFT_VERSION = 5.0;
				TARGETED_DEVICE_FAMILY = "1,2";
			};
			name = Debug;
		};
		A81AADDB2598D472000BECD7 /* Release */ = {
			isa = XCBuildConfiguration;
			baseConfigurationReference = AC82C109F7BFFB3884618CF0 /* Pods-SoongMap_1.release.xcconfig */;
			buildSettings = {
				ASSETCATALOG_COMPILER_APPICON_NAME = AppIcon;
				ASSETCATALOG_COMPILER_GLOBAL_ACCENT_COLOR_NAME = AccentColor;
				CODE_SIGN_STYLE = Automatic;
				DEVELOPMENT_TEAM = 7W64WHVKVN;
				INFOPLIST_FILE = SoongMap_1/Info.plist;
				LD_RUNPATH_SEARCH_PATHS = (
					"$(inherited)",
					"@executable_path/Frameworks",
				);
				PRODUCT_BUNDLE_IDENTIFIER = "com.soongin.SoongMap-1";
				PRODUCT_NAME = "$(TARGET_NAME)";
				SWIFT_VERSION = 5.0;
				TARGETED_DEVICE_FAMILY = "1,2";
			};
			name = Release;
		};
/* End XCBuildConfiguration section */

/* Begin XCConfigurationList section */
		A81AADBD2598D470000BECD7 /* Build configuration list for PBXProject "SoongMap_1" */ = {
			isa = XCConfigurationList;
			buildConfigurations = (
				A81AADD72598D472000BECD7 /* Debug */,
				A81AADD82598D472000BECD7 /* Release */,
			);
			defaultConfigurationIsVisible = 0;
			defaultConfigurationName = Release;
		};
		A81AADD92598D472000BECD7 /* Build configuration list for PBXNativeTarget "SoongMap_1" */ = {
			isa = XCConfigurationList;
			buildConfigurations = (
				A81AADDA2598D472000BECD7 /* Debug */,
				A81AADDB2598D472000BECD7 /* Release */,
			);
			defaultConfigurationIsVisible = 0;
			defaultConfigurationName = Release;
		};
/* End XCConfigurationList section */

/* Begin XCVersionGroup section */
		A81AADCE2598D470000BECD7 /* SoongMap_1.xcdatamodeld */ = {
			isa = XCVersionGroup;
			children = (
				A81AADCF2598D470000BECD7 /* SoongMap_1.xcdatamodel */,
			);
			currentVersion = A81AADCF2598D470000BECD7 /* SoongMap_1.xcdatamodel */;
			path = SoongMap_1.xcdatamodeld;
			sourceTree = "<group>";
			versionGroupType = wrapper.xcdatamodel;
		};
/* End XCVersionGroup section */
	};
	rootObject = A81AADBA2598D470000BECD7 /* Project object */;
}
